
Microsoft Visual Studio Solution File, Format Version 12.00
# Visual Studio Version 17
VisualStudioVersion = 17.14.36310.24 d17.14
MinimumVisualStudioVersion = 10.0.40219.1
Project("{FAE04EC0-301F-11D3-BF4B-00C04F79EFBC}") = "Day08", "Day08\Day08.csproj", "{8D231EEC-B48A-45FF-8374-D072B7C9F715}"
EndProject
Global
	GlobalSection(SolutionConfigurationPlatforms) = preSolution
		Debug|Any CPU = Debug|Any CPU
		Release|Any CPU = Release|Any CPU
	EndGlobalSection
	GlobalSection(ProjectConfigurationPlatforms) = postSolution
		{8D231EEC-B48A-45FF-8374-D072B7C9F715}.Debug|Any CPU.ActiveCfg = Debug|Any CPU
		{8D231EEC-B48A-45FF-8374-D072B7C9F715}.Debug|Any CPU.Build.0 = Debug|Any CPU
		{8D231EEC-B48A-45FF-8374-D072B7C9F715}.Release|Any CPU.ActiveCfg = Release|Any CPU
		{8D231EEC-B48A-45FF-8374-D072B7C9F715}.Release|Any CPU.Build.0 = Release|Any CPU
	EndGlobalSection
	GlobalSection(SolutionProperties) = preSolution
		HideSolutionNode = FALSE
	EndGlobalSection
	GlobalSection(ExtensibilityGlobals) = postSolution
		SolutionGuid = {FF961070-3496-4ECD-92AB-71DD6E5CD0F0}
	EndGlobalSection
EndGlobal
